
Microsoft Visual Studio Solution File, Format Version 12.00
# Visual Studio Version 16
VisualStudioVersion = 16.0.30804.86
MinimumVisualStudioVersion = 10.0.40219.1
Project("{9A19103F-16F7-4668-BE54-9A1E7A4F7556}") = "Orienteering.Core", "Orienteering.Core\Orienteering.Core.csproj", "{6EDACCD6-8305-46F7-BD44-525C9D0F80E9}"
EndProject
Project("{9A19103F-16F7-4668-BE54-9A1E7A4F7556}") = "Orienteering.Infrastructure", "Orienteering.Infrastructure\Orienteering.Infrastructure.csproj", "{BB673D91-3B9B-4B3B-BAAD-7379633E33B9}"
EndProject
Project("{9A19103F-16F7-4668-BE54-9A1E7A4F7556}") = "Orienteering.Domain", "Orienteering.Domain\Orienteering.Domain.csproj", "{57CC5E54-FC31-41D8-B1BD-AC4676C4AC40}"
EndProject
Project("{9A19103F-16F7-4668-BE54-9A1E7A4F7556}") = "Orienteering.Web", "Orienteering.Web\Orienteering.Web.csproj", "{1592ACE9-0877-4A89-AD73-F03B0A772EEB}"
EndProject
Global
	GlobalSection(SolutionConfigurationPlatforms) = preSolution
		Debug|Any CPU = Debug|Any CPU
		Release|Any CPU = Release|Any CPU
	EndGlobalSection
	GlobalSection(ProjectConfigurationPlatforms) = postSolution
		{6EDACCD6-8305-46F7-BD44-525C9D0F80E9}.Debug|Any CPU.ActiveCfg = Debug|Any CPU
		{6EDACCD6-8305-46F7-BD44-525C9D0F80E9}.Debug|Any CPU.Build.0 = Debug|Any CPU
		{6EDACCD6-8305-46F7-BD44-525C9D0F80E9}.Release|Any CPU.ActiveCfg = Release|Any CPU
		{6EDACCD6-8305-46F7-BD44-525C9D0F80E9}.Release|Any CPU.Build.0 = Release|Any CPU
		{BB673D91-3B9B-4B3B-BAAD-7379633E33B9}.Debug|Any CPU.ActiveCfg = Debug|Any CPU
		{BB673D91-3B9B-4B3B-BAAD-7379633E33B9}.Debug|Any CPU.Build.0 = Debug|Any CPU
		{BB673D91-3B9B-4B3B-BAAD-7379633E33B9}.Release|Any CPU.ActiveCfg = Release|Any CPU
		{BB673D91-3B9B-4B3B-BAAD-7379633E33B9}.Release|Any CPU.Build.0 = Release|Any CPU
		{57CC5E54-FC31-41D8-B1BD-AC4676C4AC40}.Debug|Any CPU.ActiveCfg = Debug|Any CPU
		{57CC5E54-FC31-41D8-B1BD-AC4676C4AC40}.Debug|Any CPU.Build.0 = Debug|Any CPU
		{57CC5E54-FC31-41D8-B1BD-AC4676C4AC40}.Release|Any CPU.ActiveCfg = Release|Any CPU
		{57CC5E54-FC31-41D8-B1BD-AC4676C4AC40}.Release|Any CPU.Build.0 = Release|Any CPU
		{1592ACE9-0877-4A89-AD73-F03B0A772EEB}.Debug|Any CPU.ActiveCfg = Debug|Any CPU
		{1592ACE9-0877-4A89-AD73-F03B0A772EEB}.Debug|Any CPU.Build.0 = Debug|Any CPU
		{1592ACE9-0877-4A89-AD73-F03B0A772EEB}.Release|Any CPU.ActiveCfg = Release|Any CPU
		{1592ACE9-0877-4A89-AD73-F03B0A772EEB}.Release|Any CPU.Build.0 = Release|Any CPU
	EndGlobalSection
	GlobalSection(SolutionProperties) = preSolution
		HideSolutionNode = FALSE
	EndGlobalSection
	GlobalSection(ExtensibilityGlobals) = postSolution
		SolutionGuid = {178F4756-F94B-42CD-A133-275FA1471A64}
	EndGlobalSection
EndGlobal
